
Microsoft Visual Studio Solution File, Format Version 12.00
# Visual Studio Version 17
VisualStudioVersion = 17.14.36518.9 d17.14
MinimumVisualStudioVersion = 10.0.40219.1
Project("{FAE04EC0-301F-11D3-BF4B-00C04F79EFBC}") = "Fiorello", "Fiorello\Fiorello.csproj", "{81D96826-DD03-4BCF-8F3A-EBB93712766E}"
EndProject
Global
	GlobalSection(SolutionConfigurationPlatforms) = preSolution
		Debug|Any CPU = Debug|Any CPU
		Release|Any CPU = Release|Any CPU
	EndGlobalSection
	GlobalSection(ProjectConfigurationPlatforms) = postSolution
		{81D96826-DD03-4BCF-8F3A-EBB93712766E}.Debug|Any CPU.ActiveCfg = Debug|Any CPU
		{81D96826-DD03-4BCF-8F3A-EBB93712766E}.Debug|Any CPU.Build.0 = Debug|Any CPU
		{81D96826-DD03-4BCF-8F3A-EBB93712766E}.Release|Any CPU.ActiveCfg = Release|Any CPU
		{81D96826-DD03-4BCF-8F3A-EBB93712766E}.Release|Any CPU.Build.0 = Release|Any CPU
	EndGlobalSection
	GlobalSection(SolutionProperties) = preSolution
		HideSolutionNode = FALSE
	EndGlobalSection
	GlobalSection(ExtensibilityGlobals) = postSolution
		SolutionGuid = {ECBCCA14-8B78-4FB4-8AC2-1FF44C59C475}
	EndGlobalSection
EndGlobal
